
Microsoft Visual Studio Solution File, Format Version 12.00
# Visual Studio Version 17
VisualStudioVersion = 17.3.32901.215
MinimumVisualStudioVersion = 10.0.40219.1
Project("{FAE04EC0-301F-11D3-BF4B-00C04F79EFBC}") = "Gestao_Produtividade_Industrial", "Gestao_Produtividade_Industrial\Gestao_Produtividade_Industrial.csproj", "{CC5A6A2F-3F9A-44AA-8F8B-4C46A61082F1}"
EndProject
Global
	GlobalSection(SolutionConfigurationPlatforms) = preSolution
		Debug|Any CPU = Debug|Any CPU
		Release|Any CPU = Release|Any CPU
	EndGlobalSection
	GlobalSection(ProjectConfigurationPlatforms) = postSolution
		{CC5A6A2F-3F9A-44AA-8F8B-4C46A61082F1}.Debug|Any CPU.ActiveCfg = Debug|Any CPU
		{CC5A6A2F-3F9A-44AA-8F8B-4C46A61082F1}.Debug|Any CPU.Build.0 = Debug|Any CPU
		{CC5A6A2F-3F9A-44AA-8F8B-4C46A61082F1}.Release|Any CPU.ActiveCfg = Release|Any CPU
		{CC5A6A2F-3F9A-44AA-8F8B-4C46A61082F1}.Release|Any CPU.Build.0 = Release|Any CPU
	EndGlobalSection
	GlobalSection(SolutionProperties) = preSolution
		HideSolutionNode = FALSE
	EndGlobalSection
	GlobalSection(ExtensibilityGlobals) = postSolution
		SolutionGuid = {2FBCBA63-C2B4-46D8-9ACE-C8C028D50EA5}
	EndGlobalSection
EndGlobal
